// !$*UTF8*$!
{
	archiveVersion = 1;
	classes = {
	};
	objectVersion = 50;
	objects = {

/* Begin PBXBuildFile section */
		39BF6A462447034C000D96EE /* AppDelegate.swift in Sources */ = {isa = PBXBuildFile; fileRef = 39BF6A452447034C000D96EE /* AppDelegate.swift */; };
		39BF6A482447034C000D96EE /* SceneDelegate.swift in Sources */ = {isa = PBXBuildFile; fileRef = 39BF6A472447034C000D96EE /* SceneDelegate.swift */; };
		39BF6A4A2447034C000D96EE /* ViewController.swift in Sources */ = {isa = PBXBuildFile; fileRef = 39BF6A492447034C000D96EE /* ViewController.swift */; };
		39BF6A4D2447034C000D96EE /* Main.storyboard in Resources */ = {isa = PBXBuildFile; fileRef = 39BF6A4B2447034C000D96EE /* Main.storyboard */; };
		39BF6A4F24470352000D96EE /* Assets.xcassets in Resources */ = {isa = PBXBuildFile; fileRef = 39BF6A4E24470352000D96EE /* Assets.xcassets */; };
		39BF6A5224470352000D96EE /* LaunchScreen.storyboard in Resources */ = {isa = PBXBuildFile; fileRef = 39BF6A5024470352000D96EE /* LaunchScreen.storyboard */; };
		39BF6A5A24474FDD000D96EE /* gunSound.mp3 in Resources */ = {isa = PBXBuildFile; fileRef = 39BF6A5924474FDB000D96EE /* gunSound.mp3 */; };
/* End PBXBuildFile section */

/* Begin PBXFileReference section */
		39BF6A422447034C000D96EE /* GunCaluclator.app */ = {isa = PBXFileReference; explicitFileType = wrapper.application; includeInIndex = 0; path = GunCaluclator.app; sourceTree = BUILT_PRODUCTS_DIR; };
		39BF6A452447034C000D96EE /* AppDelegate.swift */ = {isa = PBXFileReference; lastKnownFileType = sourcecode.swift; path = AppDelegate.swift; sourceTree = "<group>"; };
		39BF6A472447034C000D96EE /* SceneDelegate.swift */ = {isa = PBXFileReference; lastKnownFileType = sourcecode.swift; path = SceneDelegate.swift; sourceTree = "<group>"; };
		39BF6A492447034C000D96EE /* ViewController.swift */ = {isa = PBXFileReference; lastKnownFileType = sourcecode.swift; path = ViewController.swift; sourceTree = "<group>"; };
		39BF6A4C2447034C000D96EE /* Base */ = {isa = PBXFileReference; lastKnownFileType = file.storyboard; name = Base; path = Base.lproj/Main.storyboard; sourceTree = "<group>"; };
		39BF6A4E24470352000D96EE /* Assets.xcassets */ = {isa = PBXFileReference; lastKnownFileType = folder.assetcatalog; path = Assets.xcassets; sourceTree = "<group>"; };
		39BF6A5124470352000D96EE /* Base */ = {isa = PBXFileReference; lastKnownFileType = file.storyboard; name = Base; path = Base.lproj/LaunchScreen.storyboard; sourceTree = "<group>"; };
		39BF6A5324470352000D96EE /* Info.plist */ = {isa = PBXFileReference; lastKnownFileType = text.plist.xml; path = Info.plist; sourceTree = "<group>"; };
		39BF6A5924474FDB000D96EE /* gunSound.mp3 */ = {isa = PBXFileReference; lastKnownFileType = audio.mp3; path = gunSound.mp3; sourceTree = "<group>"; };
/* End PBXFileReference section */

/* Begin PBXFrameworksBuildPhase section */
		39BF6A3F2447034C000D96EE /* Frameworks */ = {
			isa = PBXFrameworksBuildPhase;
			buildActionMask = 2147483647;
			files = (
			);
			runOnlyForDeploymentPostprocessing = 0;
		};
/* End PBXFrameworksBuildPhase section */

/* Begin PBXGroup section */
		39BF6A392447034C000D96EE = {
			isa = PBXGroup;
			children = (
				39BF6A442447034C000D96EE /* GunCaluclator */,
				39BF6A432447034C000D96EE /* Products */,
			);
			sourceTree = "<group>";
		};
		39BF6A432447034C000D96EE /* Products */ = {
			isa = PBXGroup;
			children = (
				39BF6A422447034C000D96EE /* GunCaluclator.app */,
			);
			name = Products;
			sourceTree = "<group>";
		};
		39BF6A442447034C000D96EE /* GunCaluclator */ = {
			isa = PBXGroup;
			children = (
				39BF6A452447034C000D96EE /* AppDelegate.swift */,
				39BF6A472447034C000D96EE /* SceneDelegate.swift */,
				39BF6A492447034C000D96EE /* ViewController.swift */,
				39BF6A5924474FDB000D96EE /* gunSound.mp3 */,
				39BF6A4B2447034C000D96EE /* Main.storyboard */,
				39BF6A4E24470352000D96EE /* Assets.xcassets */,
				39BF6A5024470352000D96EE /* LaunchScreen.storyboard */,
				39BF6A5324470352000D96EE /* Info.plist */,
			);
			path = GunCaluclator;
			sourceTree = "<group>";
		};
/* End PBXGroup section */

/* Begin PBXNativeTarget section */
		39BF6A412447034C000D96EE /* GunCaluclator */ = {
			isa = PBXNativeTarget;
			buildConfigurationList = 39BF6A5624470352000D96EE /* Build configuration list for PBXNativeTarget "GunCaluclator" */;
			buildPhases = (
				39BF6A3E2447034C000D96EE /* Sources */,
				39BF6A3F2447034C000D96EE /* Frameworks */,
				39BF6A402447034C000D96EE /* Resources */,
			);
			buildRules = (
			);
			dependencies = (
			);
			name = GunCaluclator;
			productName = GunCaluclator;
			productReference = 39BF6A422447034C000D96EE /* GunCaluclator.app */;
			productType = "com.apple.product-type.application";
		};
/* End PBXNativeTarget section */

/* Begin PBXProject section */
		39BF6A3A2447034C000D96EE /* Project object */ = {
			isa = PBXProject;
			attributes = {
				LastSwiftUpdateCheck = 1130;
				LastUpgradeCheck = 1130;
				ORGANIZATIONNAME = tk;
				TargetAttributes = {
					39BF6A412447034C000D96EE = {
						CreatedOnToolsVersion = 11.3;
					};
				};
			};
			buildConfigurationList = 39BF6A3D2447034C000D96EE /* Build configuration list for PBXProject "GunCaluclator" */;
			compatibilityVersion = "Xcode 9.3";
			developmentRegion = en;
			hasScannedForEncodings = 0;
			knownRegions = (
				en,
				Base,
			);
			mainGroup = 39BF6A392447034C000D96EE;
			productRefGroup = 39BF6A432447034C000D96EE /* Products */;
			projectDirPath = "";
			projectRoot = "";
			targets = (
				39BF6A412447034C000D96EE /* GunCaluclator */,
			);
		};
/* End PBXProject section */

/* Begin PBXResourcesBuildPhase section */
		39BF6A402447034C000D96EE /* Resources */ = {
			isa = PBXResourcesBuildPhase;
			buildActionMask = 2147483647;
			files = (
				39BF6A5224470352000D96EE /* LaunchScreen.storyboard in Resources */,
				39BF6A5A24474FDD000D96EE /* gunSound.mp3 in Resources */,
				39BF6A4F24470352000D96EE /* Assets.xcassets in Resources */,
				39BF6A4D2447034C000D96EE /* Main.storyboard in Resources */,
			);
			runOnlyForDeploymentPostprocessing = 0;
		};
/* End PBXResourcesBuildPhase section */

/* Begin PBXSourcesBuildPhase section */
		39BF6A3E2447034C000D96EE /* Sources */ = {
			isa = PBXSourcesBuildPhase;
			buildActionMask = 2147483647;
			files = (
				39BF6A4A2447034C000D96EE /* ViewController.swift in Sources */,
				39BF6A462447034C000D96EE /* AppDelegate.swift in Sources */,
				39BF6A482447034C000D96EE /* SceneDelegate.swift in Sources */,
			);
			runOnlyForDeploymentPostprocessing = 0;
		};
/* End PBXSourcesBuildPhase section */

/* Begin PBXVariantGroup section */
		39BF6A4B2447034C000D96EE /* Main.storyboard */ = {
			isa = PBXVariantGroup;
			children = (
				39BF6A4C2447034C000D96EE /* Base */,
			);
			name = Main.storyboard;
			sourceTree = "<group>";
		};
		39BF6A5024470352000D96EE /* LaunchScreen.storyboard */ = {
			isa = PBXVariantGroup;
			children = (
				39BF6A5124470352000D96EE /* Base */,
			);
			name = LaunchScreen.storyboard;
			sourceTree = "<group>";
		};
/* End PBXVariantGroup section */

/* Begin XCBuildConfiguration section */
		39BF6A5424470352000D96EE /* Debug */ = {
			isa = XCBuildConfiguration;
			buildSettings = {
				ALWAYS_SEARCH_USER_PATHS = NO;
				CLANG_ANALYZER_NONNULL = YES;
				CLANG_ANALYZER_NUMBER_OBJECT_CONVERSION = YES_AGGRESSIVE;
				CLANG_CXX_LANGUAGE_STANDARD = "gnu++14";
				CLANG_CXX_LIBRARY = "libc++";
				CLANG_ENABLE_MODULES = YES;
				CLANG_ENABLE_OBJC_ARC = YES;
				CLANG_ENABLE_OBJC_WEAK = YES;
				CLANG_WARN_BLOCK_CAPTURE_AUTORELEASING = YES;
				CLANG_WARN_BOOL_CONVERSION = YES;
				CLANG_WARN_COMMA = YES;
				CLANG_WARN_CONSTANT_CONVERSION = YES;
				CLANG_WARN_DEPRECATED_OBJC_IMPLEMENTATIONS = YES;
				CLANG_WARN_DIRECT_OBJC_ISA_USAGE = YES_ERROR;
				CLANG_WARN_DOCUMENTATION_COMMENTS = YES;
				CLANG_WARN_EMPTY_BODY = YES;
				CLANG_WARN_ENUM_CONVERSION = YES;
				CLANG_WARN_INFINITE_RECURSION = YES;
				CLANG_WARN_INT_CONVERSION = YES;
				CLANG_WARN_NON_LITERAL_NULL_CONVERSION = YES;
				CLANG_WARN_OBJC_IMPLICIT_RETAIN_SELF = YES;
				CLANG_WARN_OBJC_LITERAL_CONVERSION = YES;
				CLANG_WARN_OBJC_ROOT_CLASS = YES_ERROR;
				CLANG_WARN_RANGE_LOOP_ANALYSIS = YES;
				CLANG_WARN_STRICT_PROTOTYPES = YES;
				CLANG_WARN_SUSPICIOUS_MOVE = YES;
				CLANG_WARN_UNGUARDED_AVAILABILITY = YES_AGGRESSIVE;
				CLANG_WARN_UNREACHABLE_CODE = YES;
				CLANG_WARN__DUPLICATE_METHOD_MATCH = YES;
				COPY_PHASE_STRIP = NO;
				DEBUG_INFORMATION_FORMAT = dwarf;
				ENABLE_STRICT_OBJC_MSGSEND = YES;
				ENABLE_TESTABILITY = YES;
				GCC_C_LANGUAGE_STANDARD = gnu11;
				GCC_DYNAMIC_NO_PIC = NO;
				GCC_NO_COMMON_BLOCKS = YES;
				GCC_OPTIMIZATION_LEVEL = 0;
				GCC_PREPROCESSOR_DEFINITIONS = (
					"DEBUG=1",
					"$(inherited)",
				);
				GCC_WARN_64_TO_32_BIT_CONVERSION = YES;
				GCC_WARN_ABOUT_RETURN_TYPE = YES_ERROR;
				GCC_WARN_UNDECLARED_SELECTOR = YES;
				GCC_WARN_UNINITIALIZED_AUTOS = YES_AGGRESSIVE;
				GCC_WARN_UNUSED_FUNCTION = YES;
				GCC_WARN_UNUSED_VARIABLE = YES;
				IPHONEOS_DEPLOYMENT_TARGET = 13.2;
				MTL_ENABLE_DEBUG_INFO = INCLUDE_SOURCE;
				MTL_FAST_MATH = YES;
				ONLY_ACTIVE_ARCH = YES;
				SDKROOT = iphoneos;
				SWIFT_ACTIVE_COMPILATION_CONDITIONS = DEBUG;
				SWIFT_OPTIMIZATION_LEVEL = "-Onone";
			};
			name = Debug;
		};
		39BF6A5524470352000D96EE /* Release */ = {
			isa = XCBuildConfiguration;
			buildSettings = {
				ALWAYS_SEARCH_USER_PATHS = NO;
				CLANG_ANALYZER_NONNULL = YES;
				CLANG_ANALYZER_NUMBER_OBJECT_CONVERSION = YES_AGGRESSIVE;
				CLANG_CXX_LANGUAGE_STANDARD = "gnu++14";
				CLANG_CXX_LIBRARY = "libc++";
				CLANG_ENABLE_MODULES = YES;
				CLANG_ENABLE_OBJC_ARC = YES;
				CLANG_ENABLE_OBJC_WEAK = YES;
				CLANG_WARN_BLOCK_CAPTURE_AUTORELEASING = YES;
				CLANG_WARN_BOOL_CONVERSION = YES;
				CLANG_WARN_COMMA = YES;
				CLANG_WARN_CONSTANT_CONVERSION = YES;
				CLANG_WARN_DEPRECATED_OBJC_IMPLEMENTATIONS = YES;
				CLANG_WARN_DIRECT_OBJC_ISA_USAGE = YES_ERROR;
				CLANG_WARN_DOCUMENTATION_COMMENTS = YES;
				CLANG_WARN_EMPTY_BODY = YES;
				CLANG_WARN_ENUM_CONVERSION = YES;
				CLANG_WARN_INFINITE_RECURSION = YES;
				CLANG_WARN_INT_CONVERSION = YES;
				CLANG_WARN_NON_LITERAL_NULL_CONVERSION = YES;
				CLANG_WARN_OBJC_IMPLICIT_RETAIN_SELF = YES;
				CLANG_WARN_OBJC_LITERAL_CONVERSION = YES;
				CLANG_WARN_OBJC_ROOT_CLASS = YES_ERROR;
				CLANG_WARN_RANGE_LOOP_ANALYSIS = YES;
				CLANG_WARN_STRICT_PROTOTYPES = YES;
				CLANG_WARN_SUSPICIOUS_MOVE = YES;
				CLANG_WARN_UNGUARDED_AVAILABILITY = YES_AGGRESSIVE;
				CLANG_WARN_UNREACHABLE_CODE = YES;
				CLANG_WARN__DUPLICATE_METHOD_MATCH = YES;
				COPY_PHASE_STRIP = NO;
				DEBUG_INFORMATION_FORMAT = "dwarf-with-dsym";
				ENABLE_NS_ASSERTIONS = NO;
				ENABLE_STRICT_OBJC_MSGSEND = YES;
				GCC_C_LANGUAGE_STANDARD = gnu11;
				GCC_NO_COMMON_BLOCKS = YES;
				GCC_WARN_64_TO_32_BIT_CONVERSION = YES;
				GCC_WARN_ABOUT_RETURN_TYPE = YES_ERROR;
				GCC_WARN_UNDECLARED_SELECTOR = YES;
				GCC_WARN_UNINITIALIZED_AUTOS = YES_AGGRESSIVE;
				GCC_WARN_UNUSED_FUNCTION = YES;
				GCC_WARN_UNUSED_VARIABLE = YES;
				IPHONEOS_DEPLOYMENT_TARGET = 13.2;
				MTL_ENABLE_DEBUG_INFO = NO;
				MTL_FAST_MATH = YES;
				SDKROOT = iphoneos;
				SWIFT_COMPILATION_MODE = wholemodule;
				SWIFT_OPTIMIZATION_LEVEL = "-O";
				VALIDATE_PRODUCT = YES;
			};
			name = Release;
		};
		39BF6A5724470352000D96EE /* Debug */ = {
			isa = XCBuildConfiguration;
			buildSettings = {
				ASSETCATALOG_COMPILER_APPICON_NAME = AppIcon;
				CODE_SIGN_STYLE = Automatic;
				DEVELOPMENT_TEAM = UN8UZKY2BZ;
				INFOPLIST_FILE = GunCaluclator/Info.plist;
				IPHONEOS_DEPLOYMENT_TARGET = 13.0;
				LD_RUNPATH_SEARCH_PATHS = (
					"$(inherited)",
					"@executable_path/Frameworks",
				);
				PRODUCT_BUNDLE_IDENTIFIER = jp.hotmail.oseans.GunCaluclator;
				PRODUCT_NAME = "$(TARGET_NAME)";
				SWIFT_VERSION = 5.0;
				TARGETED_DEVICE_FAMILY = "1,2";
			};
			name = Debug;
		};
		39BF6A5824470352000D96EE /* Release */ = {
			isa = XCBuildConfiguration;
			buildSettings = {
				ASSETCATALOG_COMPILER_APPICON_NAME = AppIcon;
				CODE_SIGN_STYLE = Automatic;
				DEVELOPMENT_TEAM = UN8UZKY2BZ;
				INFOPLIST_FILE = GunCaluclator/Info.plist;
				IPHONEOS_DEPLOYMENT_TARGET = 13.0;
				LD_RUNPATH_SEARCH_PATHS = (
					"$(inherited)",
					"@executable_path/Frameworks",
				);
				PRODUCT_BUNDLE_IDENTIFIER = jp.hotmail.oseans.GunCaluclator;
				PRODUCT_NAME = "$(TARGET_NAME)";
				SWIFT_VERSION = 5.0;
				TARGETED_DEVICE_FAMILY = "1,2";
			};
			name = Release;
		};
/* End XCBuildConfiguration section */

/* Begin XCConfigurationList section */
		39BF6A3D2447034C000D96EE /* Build configuration list for PBXProject "GunCaluclator" */ = {
			isa = XCConfigurationList;
			buildConfigurations = (
				39BF6A5424470352000D96EE /* Debug */,
				39BF6A5524470352000D96EE /* Release */,
			);
			defaultConfigurationIsVisible = 0;
			defaultConfigurationName = Release;
		};
		39BF6A5624470352000D96EE /* Build configuration list for PBXNativeTarget "GunCaluclator" */ = {
			isa = XCConfigurationList;
			buildConfigurations = (
				39BF6A5724470352000D96EE /* Debug */,
				39BF6A5824470352000D96EE /* Release */,
			);
			defaultConfigurationIsVisible = 0;
			defaultConfigurationName = Release;
		};
/* End XCConfigurationList section */
	};
	rootObject = 39BF6A3A2447034C000D96EE /* Project object */;
}
